
Microsoft Visual Studio Solution File, Format Version 12.00
# Visual Studio 15
VisualStudioVersion = 15.0.26730.16
MinimumVisualStudioVersion = 10.0.40219.1
Project("{FAE04EC0-301F-11D3-BF4B-00C04F79EFBC}") = "E-Sports app", "E-Sports app\E-Sports app.csproj", "{EFC6AD0D-AD8C-4662-9C2D-90D955A5327A}"
EndProject
Global
	GlobalSection(SolutionConfigurationPlatforms) = preSolution
		Debug|Any CPU = Debug|Any CPU
		Release|Any CPU = Release|Any CPU
	EndGlobalSection
	GlobalSection(ProjectConfigurationPlatforms) = postSolution
		{EFC6AD0D-AD8C-4662-9C2D-90D955A5327A}.Debug|Any CPU.ActiveCfg = Debug|Any CPU
		{EFC6AD0D-AD8C-4662-9C2D-90D955A5327A}.Debug|Any CPU.Build.0 = Debug|Any CPU
		{EFC6AD0D-AD8C-4662-9C2D-90D955A5327A}.Release|Any CPU.ActiveCfg = Release|Any CPU
		{EFC6AD0D-AD8C-4662-9C2D-90D955A5327A}.Release|Any CPU.Build.0 = Release|Any CPU
	EndGlobalSection
	GlobalSection(SolutionProperties) = preSolution
		HideSolutionNode = FALSE
	EndGlobalSection
	GlobalSection(ExtensibilityGlobals) = postSolution
		SolutionGuid = {0632AEE6-0D23-41B2-972A-06429C95D2E2}
	EndGlobalSection
EndGlobal
