
Microsoft Visual Studio Solution File, Format Version 12.00
# Visual Studio 15
VisualStudioVersion = 15.0.26730.16
MinimumVisualStudioVersion = 10.0.40219.1
Project("{FAE04EC0-301F-11D3-BF4B-00C04F79EFBC}") = "E-Sports app", "E-Sports app\E-Sports app.csproj", "{EFC6AD0D-AD8C-4662-9C2D-90D955A5327A}"
EndProject
Project("{FAE04EC0-301F-11D3-BF4B-00C04F79EFBC}") = "Middletier", "Middletier\Middletier.csproj", "{2F1234EF-2F99-47C9-B703-F89EF06B0666}"
EndProject
Project("{FAE04EC0-301F-11D3-BF4B-00C04F79EFBC}") = "DAL", "DAL\DAL.csproj", "{B8536083-8269-4CDD-9030-29862322CBA3}"
EndProject
Global
	GlobalSection(SolutionConfigurationPlatforms) = preSolution
		Debug|Any CPU = Debug|Any CPU
		Release|Any CPU = Release|Any CPU
	EndGlobalSection
	GlobalSection(ProjectConfigurationPlatforms) = postSolution
		{EFC6AD0D-AD8C-4662-9C2D-90D955A5327A}.Debug|Any CPU.ActiveCfg = Debug|Any CPU
		{EFC6AD0D-AD8C-4662-9C2D-90D955A5327A}.Debug|Any CPU.Build.0 = Debug|Any CPU
		{EFC6AD0D-AD8C-4662-9C2D-90D955A5327A}.Release|Any CPU.ActiveCfg = Release|Any CPU
		{EFC6AD0D-AD8C-4662-9C2D-90D955A5327A}.Release|Any CPU.Build.0 = Release|Any CPU
		{2F1234EF-2F99-47C9-B703-F89EF06B0666}.Debug|Any CPU.ActiveCfg = Debug|Any CPU
		{2F1234EF-2F99-47C9-B703-F89EF06B0666}.Debug|Any CPU.Build.0 = Debug|Any CPU
		{2F1234EF-2F99-47C9-B703-F89EF06B0666}.Release|Any CPU.ActiveCfg = Release|Any CPU
		{2F1234EF-2F99-47C9-B703-F89EF06B0666}.Release|Any CPU.Build.0 = Release|Any CPU
		{B8536083-8269-4CDD-9030-29862322CBA3}.Debug|Any CPU.ActiveCfg = Debug|Any CPU
		{B8536083-8269-4CDD-9030-29862322CBA3}.Debug|Any CPU.Build.0 = Debug|Any CPU
		{B8536083-8269-4CDD-9030-29862322CBA3}.Release|Any CPU.ActiveCfg = Release|Any CPU
		{B8536083-8269-4CDD-9030-29862322CBA3}.Release|Any CPU.Build.0 = Release|Any CPU
	EndGlobalSection
	GlobalSection(SolutionProperties) = preSolution
		HideSolutionNode = FALSE
	EndGlobalSection
	GlobalSection(ExtensibilityGlobals) = postSolution
		SolutionGuid = {0632AEE6-0D23-41B2-972A-06429C95D2E2}
	EndGlobalSection
EndGlobal
